
Microsoft Visual Studio Solution File, Format Version 12.00
# Visual Studio 15
VisualStudioVersion = 15.0.28307.1062
MinimumVisualStudioVersion = 10.0.40219.1
Project("{FAE04EC0-301F-11D3-BF4B-00C04F79EFBC}") = "ConsoleApp1API", "ConsoleApp1API\ConsoleApp1API.csproj", "{64293B17-9C29-4B8A-9E63-D9CD1776C43A}"
EndProject
Global
	GlobalSection(SolutionConfigurationPlatforms) = preSolution
		Debug|Any CPU = Debug|Any CPU
		Release|Any CPU = Release|Any CPU
	EndGlobalSection
	GlobalSection(ProjectConfigurationPlatforms) = postSolution
		{64293B17-9C29-4B8A-9E63-D9CD1776C43A}.Debug|Any CPU.ActiveCfg = Debug|Any CPU
		{64293B17-9C29-4B8A-9E63-D9CD1776C43A}.Debug|Any CPU.Build.0 = Debug|Any CPU
		{64293B17-9C29-4B8A-9E63-D9CD1776C43A}.Release|Any CPU.ActiveCfg = Release|Any CPU
		{64293B17-9C29-4B8A-9E63-D9CD1776C43A}.Release|Any CPU.Build.0 = Release|Any CPU
	EndGlobalSection
	GlobalSection(SolutionProperties) = preSolution
		HideSolutionNode = FALSE
	EndGlobalSection
	GlobalSection(ExtensibilityGlobals) = postSolution
		SolutionGuid = {2DD42828-163B-4907-9553-39C4D555660F}
	EndGlobalSection
EndGlobal
